{
  "requires": true,
  "lockfileVersion": 1,
  "dependencies": {
    "abp-web-resources": {
      "version": "3.7.0",
      "resolved": "https://registry.npmjs.org/abp-web-resources/-/abp-web-resources-3.7.0.tgz",
      "integrity": "sha512-AvMd+RysXAurP4r1+h08ynhx9XcuMzeiXSaHNL1zveuWje3pmKyKYx5XnfJU4v3OD+5LaESumHToz7sbZmWbBQ=="
    }
  }
}
